
Microsoft Visual Studio Solution File, Format Version 12.00
# Visual Studio Version 17
VisualStudioVersion = 17.5.33516.290
MinimumVisualStudioVersion = 10.0.40219.1
Project("{FAE04EC0-301F-11D3-BF4B-00C04F79EFBC}") = "HomeWork1", "HomeWork1\HomeWork1.csproj", "{F8F50B65-AA5C-4CDB-93D9-82C80218C7D5}"
EndProject
Global
	GlobalSection(SolutionConfigurationPlatforms) = preSolution
		Debug|Any CPU = Debug|Any CPU
		Release|Any CPU = Release|Any CPU
	EndGlobalSection
	GlobalSection(ProjectConfigurationPlatforms) = postSolution
		{F8F50B65-AA5C-4CDB-93D9-82C80218C7D5}.Debug|Any CPU.ActiveCfg = Debug|Any CPU
		{F8F50B65-AA5C-4CDB-93D9-82C80218C7D5}.Debug|Any CPU.Build.0 = Debug|Any CPU
		{F8F50B65-AA5C-4CDB-93D9-82C80218C7D5}.Release|Any CPU.ActiveCfg = Release|Any CPU
		{F8F50B65-AA5C-4CDB-93D9-82C80218C7D5}.Release|Any CPU.Build.0 = Release|Any CPU
	EndGlobalSection
	GlobalSection(SolutionProperties) = preSolution
		HideSolutionNode = FALSE
	EndGlobalSection
	GlobalSection(ExtensibilityGlobals) = postSolution
		SolutionGuid = {F0E5C14E-F460-46FF-826F-D9DD2093DAE7}
	EndGlobalSection
EndGlobal
